
Microsoft Visual Studio Solution File, Format Version 12.00
# Visual Studio Version 17
VisualStudioVersion = 17.3.32929.385
MinimumVisualStudioVersion = 10.0.40219.1
Project("{FAE04EC0-301F-11D3-BF4B-00C04F79EFBC}") = "new", "new\new.csproj", "{FFD8E305-B209-4E7E-BF42-DA2DD247189D}"
EndProject
Global
	GlobalSection(SolutionConfigurationPlatforms) = preSolution
		Debug|Any CPU = Debug|Any CPU
		Release|Any CPU = Release|Any CPU
	EndGlobalSection
	GlobalSection(ProjectConfigurationPlatforms) = postSolution
		{FFD8E305-B209-4E7E-BF42-DA2DD247189D}.Debug|Any CPU.ActiveCfg = Debug|Any CPU
		{FFD8E305-B209-4E7E-BF42-DA2DD247189D}.Debug|Any CPU.Build.0 = Debug|Any CPU
		{FFD8E305-B209-4E7E-BF42-DA2DD247189D}.Release|Any CPU.ActiveCfg = Release|Any CPU
		{FFD8E305-B209-4E7E-BF42-DA2DD247189D}.Release|Any CPU.Build.0 = Release|Any CPU
	EndGlobalSection
	GlobalSection(SolutionProperties) = preSolution
		HideSolutionNode = FALSE
	EndGlobalSection
	GlobalSection(ExtensibilityGlobals) = postSolution
		SolutionGuid = {DB62BC10-B020-4E52-9BC1-C3345AE2FEEF}
	EndGlobalSection
EndGlobal
